Microsoft Visual Studio Solution File, Format Version 12.00
# Visual Studio Version 17
VisualStudioVersion = 17.5.2.0
MinimumVisualStudioVersion = 10.0.40219.1
Project("{FAE04EC0-301F-11D3-BF4B-00C04F79EFBC}") = "indexer1", "indexer1.csproj", "{826B0297-F576-79E7-29DE-DCD21FB69031}"
EndProject
Global
	GlobalSection(SolutionConfigurationPlatforms) = preSolution
		Debug|Any CPU = Debug|Any CPU
		Release|Any CPU = Release|Any CPU
	EndGlobalSection
	GlobalSection(ProjectConfigurationPlatforms) = postSolution
		{826B0297-F576-79E7-29DE-DCD21FB69031}.Debug|Any CPU.ActiveCfg = Debug|Any CPU
		{826B0297-F576-79E7-29DE-DCD21FB69031}.Debug|Any CPU.Build.0 = Debug|Any CPU
		{826B0297-F576-79E7-29DE-DCD21FB69031}.Release|Any CPU.ActiveCfg = Release|Any CPU
		{826B0297-F576-79E7-29DE-DCD21FB69031}.Release|Any CPU.Build.0 = Release|Any CPU
	EndGlobalSection
	GlobalSection(SolutionProperties) = preSolution
		HideSolutionNode = FALSE
	EndGlobalSection
	GlobalSection(ExtensibilityGlobals) = postSolution
		SolutionGuid = {FFC4344C-5283-4595-BE3A-203E1A9856C7}
	EndGlobalSection
EndGlobal
