Microsoft Visual Studio Solution File, Format Version 12.00
# Visual Studio Version 17
VisualStudioVersion = 17.5.2.0
MinimumVisualStudioVersion = 10.0.40219.1
Project("{FAE04EC0-301F-11D3-BF4B-00C04F79EFBC}") = "Constructors", "Constructors.csproj", "{A831411F-F29A-1E42-3C96-EC14A5D6E699}"
EndProject
Global
	GlobalSection(SolutionConfigurationPlatforms) = preSolution
		Debug|Any CPU = Debug|Any CPU
		Release|Any CPU = Release|Any CPU
	EndGlobalSection
	GlobalSection(ProjectConfigurationPlatforms) = postSolution
		{A831411F-F29A-1E42-3C96-EC14A5D6E699}.Debug|Any CPU.ActiveCfg = Debug|Any CPU
		{A831411F-F29A-1E42-3C96-EC14A5D6E699}.Debug|Any CPU.Build.0 = Debug|Any CPU
		{A831411F-F29A-1E42-3C96-EC14A5D6E699}.Release|Any CPU.ActiveCfg = Release|Any CPU
		{A831411F-F29A-1E42-3C96-EC14A5D6E699}.Release|Any CPU.Build.0 = Release|Any CPU
	EndGlobalSection
	GlobalSection(SolutionProperties) = preSolution
		HideSolutionNode = FALSE
	EndGlobalSection
	GlobalSection(ExtensibilityGlobals) = postSolution
		SolutionGuid = {45DC62F5-DD50-415B-9C3B-384B13509F1C}
	EndGlobalSection
EndGlobal
