Microsoft Visual Studio Solution File, Format Version 12.00
# Visual Studio Version 17
VisualStudioVersion = 17.5.2.0
MinimumVisualStudioVersion = 10.0.40219.1
Project("{FAE04EC0-301F-11D3-BF4B-00C04F79EFBC}") = "Multilevel_Inheritance", "Multilevel_Inheritance.csproj", "{F79809E0-7ED1-8E45-D322-C931E2174CB1}"
EndProject
Global
	GlobalSection(SolutionConfigurationPlatforms) = preSolution
		Debug|Any CPU = Debug|Any CPU
		Release|Any CPU = Release|Any CPU
	EndGlobalSection
	GlobalSection(ProjectConfigurationPlatforms) = postSolution
		{F79809E0-7ED1-8E45-D322-C931E2174CB1}.Debug|Any CPU.ActiveCfg = Debug|Any CPU
		{F79809E0-7ED1-8E45-D322-C931E2174CB1}.Debug|Any CPU.Build.0 = Debug|Any CPU
		{F79809E0-7ED1-8E45-D322-C931E2174CB1}.Release|Any CPU.ActiveCfg = Release|Any CPU
		{F79809E0-7ED1-8E45-D322-C931E2174CB1}.Release|Any CPU.Build.0 = Release|Any CPU
	EndGlobalSection
	GlobalSection(SolutionProperties) = preSolution
		HideSolutionNode = FALSE
	EndGlobalSection
	GlobalSection(ExtensibilityGlobals) = postSolution
		SolutionGuid = {3BA77951-821F-49E3-A13D-B4691B7F420C}
	EndGlobalSection
EndGlobal
